
Microsoft Visual Studio Solution File, Format Version 12.00
# Visual Studio Version 16
VisualStudioVersion = 16.0.31005.135
MinimumVisualStudioVersion = 10.0.40219.1
Project("{9A19103F-16F7-4668-BE54-9A1E7A4F7556}") = "BlogUygulaması.Entities", "BlogUygulaması.Entities\BlogUygulaması.Entities.csproj", "{AD02A4BB-14BE-4273-A94A-2A5CEB2A56BA}"
EndProject
Project("{9A19103F-16F7-4668-BE54-9A1E7A4F7556}") = "BlogUygulaması.DataAccess", "BlogUygulaması.DataAccess\BlogUygulaması.DataAccess.csproj", "{7E7760F7-A2F5-4952-ABEC-C19567BB87CB}"
EndProject
Project("{9A19103F-16F7-4668-BE54-9A1E7A4F7556}") = "BlogUygulaması.Business", "BlogUygulaması.Business\BlogUygulaması.Business.csproj", "{F089A39E-4221-48AC-ACE7-006A1E9E690B}"
EndProject
Project("{FAE04EC0-301F-11D3-BF4B-00C04F79EFBC}") = "BlogUygulaması.Api", "BlogUygulaması.Api\BlogUygulaması.Api.csproj", "{3C97A7CA-6026-48F0-B283-D7D7C628D149}"
EndProject
Project("{FAE04EC0-301F-11D3-BF4B-00C04F79EFBC}") = "BlogUygulaması.Dto", "BlogUygulaması.Dto\BlogUygulaması.Dto.csproj", "{228E97B3-0A21-4CA4-BCB3-38990083D5D9}"
EndProject
Global
	GlobalSection(SolutionConfigurationPlatforms) = preSolution
		Debug|Any CPU = Debug|Any CPU
		Release|Any CPU = Release|Any CPU
	EndGlobalSection
	GlobalSection(ProjectConfigurationPlatforms) = postSolution
		{AD02A4BB-14BE-4273-A94A-2A5CEB2A56BA}.Debug|Any CPU.ActiveCfg = Debug|Any CPU
		{AD02A4BB-14BE-4273-A94A-2A5CEB2A56BA}.Debug|Any CPU.Build.0 = Debug|Any CPU
		{AD02A4BB-14BE-4273-A94A-2A5CEB2A56BA}.Release|Any CPU.ActiveCfg = Release|Any CPU
		{AD02A4BB-14BE-4273-A94A-2A5CEB2A56BA}.Release|Any CPU.Build.0 = Release|Any CPU
		{7E7760F7-A2F5-4952-ABEC-C19567BB87CB}.Debug|Any CPU.ActiveCfg = Debug|Any CPU
		{7E7760F7-A2F5-4952-ABEC-C19567BB87CB}.Debug|Any CPU.Build.0 = Debug|Any CPU
		{7E7760F7-A2F5-4952-ABEC-C19567BB87CB}.Release|Any CPU.ActiveCfg = Release|Any CPU
		{7E7760F7-A2F5-4952-ABEC-C19567BB87CB}.Release|Any CPU.Build.0 = Release|Any CPU
		{F089A39E-4221-48AC-ACE7-006A1E9E690B}.Debug|Any CPU.ActiveCfg = Debug|Any CPU
		{F089A39E-4221-48AC-ACE7-006A1E9E690B}.Debug|Any CPU.Build.0 = Debug|Any CPU
		{F089A39E-4221-48AC-ACE7-006A1E9E690B}.Release|Any CPU.ActiveCfg = Release|Any CPU
		{F089A39E-4221-48AC-ACE7-006A1E9E690B}.Release|Any CPU.Build.0 = Release|Any CPU
		{3C97A7CA-6026-48F0-B283-D7D7C628D149}.Debug|Any CPU.ActiveCfg = Debug|Any CPU
		{3C97A7CA-6026-48F0-B283-D7D7C628D149}.Debug|Any CPU.Build.0 = Debug|Any CPU
		{3C97A7CA-6026-48F0-B283-D7D7C628D149}.Release|Any CPU.ActiveCfg = Release|Any CPU
		{3C97A7CA-6026-48F0-B283-D7D7C628D149}.Release|Any CPU.Build.0 = Release|Any CPU
		{228E97B3-0A21-4CA4-BCB3-38990083D5D9}.Debug|Any CPU.ActiveCfg = Debug|Any CPU
		{228E97B3-0A21-4CA4-BCB3-38990083D5D9}.Debug|Any CPU.Build.0 = Debug|Any CPU
		{228E97B3-0A21-4CA4-BCB3-38990083D5D9}.Release|Any CPU.ActiveCfg = Release|Any CPU
		{228E97B3-0A21-4CA4-BCB3-38990083D5D9}.Release|Any CPU.Build.0 = Release|Any CPU
	EndGlobalSection
	GlobalSection(SolutionProperties) = preSolution
		HideSolutionNode = FALSE
	EndGlobalSection
	GlobalSection(ExtensibilityGlobals) = postSolution
		SolutionGuid = {7AD83EB1-AD88-4552-A1E7-47F1DB2AD701}
	EndGlobalSection
EndGlobal
